
Microsoft Visual Studio Solution File, Format Version 12.00
# Visual Studio Version 16
VisualStudioVersion = 16.0.30523.141
MinimumVisualStudioVersion = 10.0.40219.1
Project("{FAE04EC0-301F-11D3-BF4B-00C04F79EFBC}") = "Rus_Roxana_Lab5", "Rus_Roxana_Lab5.csproj", "{B4C6C441-078E-4A60-B85F-4982636ECE9B}"
EndProject
Global
	GlobalSection(SolutionConfigurationPlatforms) = preSolution
		Debug|Any CPU = Debug|Any CPU
		Release|Any CPU = Release|Any CPU
	EndGlobalSection
	GlobalSection(ProjectConfigurationPlatforms) = postSolution
		{B4C6C441-078E-4A60-B85F-4982636ECE9B}.Debug|Any CPU.ActiveCfg = Debug|Any CPU
		{B4C6C441-078E-4A60-B85F-4982636ECE9B}.Debug|Any CPU.Build.0 = Debug|Any CPU
		{B4C6C441-078E-4A60-B85F-4982636ECE9B}.Release|Any CPU.ActiveCfg = Release|Any CPU
		{B4C6C441-078E-4A60-B85F-4982636ECE9B}.Release|Any CPU.Build.0 = Release|Any CPU
	EndGlobalSection
	GlobalSection(SolutionProperties) = preSolution
		HideSolutionNode = FALSE
	EndGlobalSection
	GlobalSection(ExtensibilityGlobals) = postSolution
		SolutionGuid = {D28A1CF7-AD3E-41B1-B448-F207D6777ECF}
	EndGlobalSection
EndGlobal
